{
    "name": "rolled-test",
    "version": "0.0.1",
    "lockfileVersion": 1,
    "requires": true,
    "dependencies": {
        "rolled": {
            "version": "0.0.6",
            "resolved": "https://registry.npmjs.org/rolled/-/rolled-0.0.6.tgz",
            "integrity": "sha512-z5mcr9++7Waj2HRXONtmanVkMxjhVTPKbYL98kMI60aI0+foX4/14UahXxfTcdt25OOw/T0h9BweVE+doNnmBA=="
        }
    }
}
